<?xml version="1.0" encoding="utf-8"?>
<Project ToolsVersion="4.0" xmlns="http://schemas.microsoft.com/developer/msbuild/2003">
  <ItemGroup>
    <Filter Include="Source Files">
      <UniqueIdentifier>{4FC737F1-C7A5-4376-A066-2A32D752A2FF}</UniqueIdentifier>
      <Extensions>cpp;c;cc;cxx;def;odl;idl;hpj;bat;asm;asmx</Extensions>
    </Filter>
    <Filter Include="Header Files">
      <UniqueIdentifier>{93995380-89BD-4b04-88EB-625FBE52EBFB}</UniqueIdentifier>
      <Extensions>h;hpp;hxx;hm;inl;inc;xsd</Extensions>
    </Filter>
    <Filter Include="Resource Files">
      <UniqueIdentifier>{67DA6AB6-F800-4c08-8B7A-83BB121AAD01}</UniqueIdentifier>
      <Extensions>rc;ico;cur;bmp;dlg;rc2;rct;bin;rgs;gif;jpg;jpeg;jpe;resx;tiff;tif;png;wav</Extensions>
    </Filter>
  </ItemGroup>
  <ItemGroup>
    <ClCompile Include="ADLCenter.cpp">
      <Filter>Source Files</Filter>
    </ClCompile>
    <ClCompile Include="ADLDeadLockDetectionThread.cpp">
      <Filter>Source Files</Filter>
    </ClCompile>
    <ClCompile Include="ADLDeadLockInfo.cpp">
      <Filter>Source Files</Filter>
    </ClCompile>
    <ClCompile Include="ADLHookManager.cpp">
      <Filter>Source Files</Filter>
    </ClCompile>
    <ClCompile Include="ADLLock.cpp">
      <Filter>Source Files</Filter>
    </ClCompile>
    <ClCompile Include="ADLStackWalker.cpp">
      <Filter>Source Files</Filter>
    </ClCompile>
    <ClCompile Include="ADLThread.cpp">
      <Filter>Source Files</Filter>
    </ClCompile>
    <ClCompile Include="ADLTimerThread.cpp">
      <Filter>Source Files</Filter>
    </ClCompile>
    <ClCompile Include="StackWalker.cpp">
      <Filter>Source Files</Filter>
    </ClCompile>
    <ClCompile Include="stdafx.cpp">
      <Filter>Source Files</Filter>
    </ClCompile>
  </ItemGroup>
  <ItemGroup>
    <ClInclude Include="ADLCenter.h">
      <Filter>Header Files</Filter>
    </ClInclude>
    <ClInclude Include="ADLDeadLockDetectionThread.h">
      <Filter>Header Files</Filter>
    </ClInclude>
    <ClInclude Include="ADLDeadLockInfo.h">
      <Filter>Header Files</Filter>
    </ClInclude>
    <ClInclude Include="ADLHookManager.h">
      <Filter>Header Files</Filter>
    </ClInclude>
    <ClInclude Include="ADLLock.h">
      <Filter>Header Files</Filter>
    </ClInclude>
    <ClInclude Include="ADLStackWalker.h">
      <Filter>Header Files</Filter>
    </ClInclude>
    <ClInclude Include="ADLThread.h">
      <Filter>Header Files</Filter>
    </ClInclude>
    <ClInclude Include="ADLTimerThread.h">
      <Filter>Header Files</Filter>
    </ClInclude>
    <ClInclude Include="HookFunction.h">
      <Filter>Header Files</Filter>
    </ClInclude>
    <ClInclude Include="StackWalker.h">
      <Filter>Header Files</Filter>
    </ClInclude>
    <ClInclude Include="stdafx.h">
      <Filter>Header Files</Filter>
    </ClInclude>
    <ClInclude Include="targetver.h">
      <Filter>Header Files</Filter>
    </ClInclude>
  </ItemGroup>
  <ItemGroup>
    <Text Include="ReadMe.txt" />
  </ItemGroup>
</Project>